
Microsoft Visual Studio Solution File, Format Version 12.00
# Visual Studio 2013
VisualStudioVersion = 12.0.31101.0
MinimumVisualStudioVersion = 10.0.40219.1
Project("{FAE04EC0-301F-11D3-BF4B-00C04F79EFBC}") = "MyVideoTraining", "MyVideoTraining\MyVideoTraining.csproj", "{89B038AF-465F-43DF-8DC2-C45EBB03C3AF}"
EndProject
Project("{FAE04EC0-301F-11D3-BF4B-00C04F79EFBC}") = "MyVideoTraining.Tests", "MyVideoTraining.Tests\MyVideoTraining.Tests.csproj", "{9A1CE704-3A52-4FFD-913D-5BCEA0FBBB55}"
EndProject
Global
	GlobalSection(SolutionConfigurationPlatforms) = preSolution
		Debug|Any CPU = Debug|Any CPU
		Release|Any CPU = Release|Any CPU
	EndGlobalSection
	GlobalSection(ProjectConfigurationPlatforms) = postSolution
		{89B038AF-465F-43DF-8DC2-C45EBB03C3AF}.Debug|Any CPU.ActiveCfg = Debug|Any CPU
		{89B038AF-465F-43DF-8DC2-C45EBB03C3AF}.Debug|Any CPU.Build.0 = Debug|Any CPU
		{89B038AF-465F-43DF-8DC2-C45EBB03C3AF}.Release|Any CPU.ActiveCfg = Release|Any CPU
		{89B038AF-465F-43DF-8DC2-C45EBB03C3AF}.Release|Any CPU.Build.0 = Release|Any CPU
		{9A1CE704-3A52-4FFD-913D-5BCEA0FBBB55}.Debug|Any CPU.ActiveCfg = Debug|Any CPU
		{9A1CE704-3A52-4FFD-913D-5BCEA0FBBB55}.Debug|Any CPU.Build.0 = Debug|Any CPU
		{9A1CE704-3A52-4FFD-913D-5BCEA0FBBB55}.Release|Any CPU.ActiveCfg = Release|Any CPU
		{9A1CE704-3A52-4FFD-913D-5BCEA0FBBB55}.Release|Any CPU.Build.0 = Release|Any CPU
	EndGlobalSection
	GlobalSection(SolutionProperties) = preSolution
		HideSolutionNode = FALSE
	EndGlobalSection
EndGlobal
